
Microsoft Visual Studio Solution File, Format Version 12.00
# Visual Studio Version 17
VisualStudioVersion = 17.10.35013.160
MinimumVisualStudioVersion = 10.0.40219.1
Project("{FAE04EC0-301F-11D3-BF4B-00C04F79EFBC}") = "GetVersionInfoUWP", "GetVersionInfoUWP\GetVersionInfoUWP.csproj", "{F620DB93-D3C0-4ADE-9A45-B0C3DCF232A9}"
EndProject
Project("{9A19103F-16F7-4668-BE54-9A1E7A4F7556}") = "GetVersionInfo", "GetVersionInfo\GetVersionInfo.csproj", "{63E6BD04-FED7-4BFA-ACDB-DDEEB7D864A6}"
EndProject
Global
	GlobalSection(SolutionConfigurationPlatforms) = preSolution
		Debug|ARM = Debug|ARM
		Debug|ARM64 = Debug|ARM64
		Debug|x64 = Debug|x64
		Debug|x86 = Debug|x86
		Release|ARM = Release|ARM
		Release|ARM64 = Release|ARM64
		Release|x64 = Release|x64
		Release|x86 = Release|x86
	EndGlobalSection
	GlobalSection(ProjectConfigurationPlatforms) = postSolution
		{F620DB93-D3C0-4ADE-9A45-B0C3DCF232A9}.Debug|ARM.ActiveCfg = Debug|ARM
		{F620DB93-D3C0-4ADE-9A45-B0C3DCF232A9}.Debug|ARM.Build.0 = Debug|ARM
		{F620DB93-D3C0-4ADE-9A45-B0C3DCF232A9}.Debug|ARM.Deploy.0 = Debug|ARM
		{F620DB93-D3C0-4ADE-9A45-B0C3DCF232A9}.Debug|ARM64.ActiveCfg = Debug|ARM64
		{F620DB93-D3C0-4ADE-9A45-B0C3DCF232A9}.Debug|ARM64.Build.0 = Debug|ARM64
		{F620DB93-D3C0-4ADE-9A45-B0C3DCF232A9}.Debug|ARM64.Deploy.0 = Debug|ARM64
		{F620DB93-D3C0-4ADE-9A45-B0C3DCF232A9}.Debug|x64.ActiveCfg = Debug|x64
		{F620DB93-D3C0-4ADE-9A45-B0C3DCF232A9}.Debug|x64.Build.0 = Debug|x64
		{F620DB93-D3C0-4ADE-9A45-B0C3DCF232A9}.Debug|x64.Deploy.0 = Debug|x64
		{F620DB93-D3C0-4ADE-9A45-B0C3DCF232A9}.Debug|x86.ActiveCfg = Debug|x86
		{F620DB93-D3C0-4ADE-9A45-B0C3DCF232A9}.Debug|x86.Build.0 = Debug|x86
		{F620DB93-D3C0-4ADE-9A45-B0C3DCF232A9}.Debug|x86.Deploy.0 = Debug|x86
		{F620DB93-D3C0-4ADE-9A45-B0C3DCF232A9}.Release|ARM.ActiveCfg = Release|ARM
		{F620DB93-D3C0-4ADE-9A45-B0C3DCF232A9}.Release|ARM.Build.0 = Release|ARM
		{F620DB93-D3C0-4ADE-9A45-B0C3DCF232A9}.Release|ARM.Deploy.0 = Release|ARM
		{F620DB93-D3C0-4ADE-9A45-B0C3DCF232A9}.Release|ARM64.ActiveCfg = Release|ARM64
		{F620DB93-D3C0-4ADE-9A45-B0C3DCF232A9}.Release|ARM64.Build.0 = Release|ARM64
		{F620DB93-D3C0-4ADE-9A45-B0C3DCF232A9}.Release|ARM64.Deploy.0 = Release|ARM64
		{F620DB93-D3C0-4ADE-9A45-B0C3DCF232A9}.Release|x64.ActiveCfg = Release|x64
		{F620DB93-D3C0-4ADE-9A45-B0C3DCF232A9}.Release|x64.Build.0 = Release|x64
		{F620DB93-D3C0-4ADE-9A45-B0C3DCF232A9}.Release|x64.Deploy.0 = Release|x64
		{F620DB93-D3C0-4ADE-9A45-B0C3DCF232A9}.Release|x86.ActiveCfg = Release|x86
		{F620DB93-D3C0-4ADE-9A45-B0C3DCF232A9}.Release|x86.Build.0 = Release|x86
		{F620DB93-D3C0-4ADE-9A45-B0C3DCF232A9}.Release|x86.Deploy.0 = Release|x86
		{63E6BD04-FED7-4BFA-ACDB-DDEEB7D864A6}.Debug|ARM.ActiveCfg = Debug|x64
		{63E6BD04-FED7-4BFA-ACDB-DDEEB7D864A6}.Debug|ARM.Build.0 = Debug|x64
		{63E6BD04-FED7-4BFA-ACDB-DDEEB7D864A6}.Debug|ARM.Deploy.0 = Debug|x64
		{63E6BD04-FED7-4BFA-ACDB-DDEEB7D864A6}.Debug|ARM64.ActiveCfg = Debug|ARM64
		{63E6BD04-FED7-4BFA-ACDB-DDEEB7D864A6}.Debug|ARM64.Build.0 = Debug|ARM64
		{63E6BD04-FED7-4BFA-ACDB-DDEEB7D864A6}.Debug|ARM64.Deploy.0 = Debug|ARM64
		{63E6BD04-FED7-4BFA-ACDB-DDEEB7D864A6}.Debug|x64.ActiveCfg = Debug|x64
		{63E6BD04-FED7-4BFA-ACDB-DDEEB7D864A6}.Debug|x64.Build.0 = Debug|x64
		{63E6BD04-FED7-4BFA-ACDB-DDEEB7D864A6}.Debug|x64.Deploy.0 = Debug|x64
		{63E6BD04-FED7-4BFA-ACDB-DDEEB7D864A6}.Debug|x86.ActiveCfg = Debug|x86
		{63E6BD04-FED7-4BFA-ACDB-DDEEB7D864A6}.Debug|x86.Build.0 = Debug|x86
		{63E6BD04-FED7-4BFA-ACDB-DDEEB7D864A6}.Debug|x86.Deploy.0 = Debug|x86
		{63E6BD04-FED7-4BFA-ACDB-DDEEB7D864A6}.Release|ARM.ActiveCfg = Release|x64
		{63E6BD04-FED7-4BFA-ACDB-DDEEB7D864A6}.Release|ARM.Build.0 = Release|x64
		{63E6BD04-FED7-4BFA-ACDB-DDEEB7D864A6}.Release|ARM.Deploy.0 = Release|x64
		{63E6BD04-FED7-4BFA-ACDB-DDEEB7D864A6}.Release|ARM64.ActiveCfg = Release|ARM64
		{63E6BD04-FED7-4BFA-ACDB-DDEEB7D864A6}.Release|ARM64.Build.0 = Release|ARM64
		{63E6BD04-FED7-4BFA-ACDB-DDEEB7D864A6}.Release|ARM64.Deploy.0 = Release|ARM64
		{63E6BD04-FED7-4BFA-ACDB-DDEEB7D864A6}.Release|x64.ActiveCfg = Release|x64
		{63E6BD04-FED7-4BFA-ACDB-DDEEB7D864A6}.Release|x64.Build.0 = Release|x64
		{63E6BD04-FED7-4BFA-ACDB-DDEEB7D864A6}.Release|x64.Deploy.0 = Release|x64
		{63E6BD04-FED7-4BFA-ACDB-DDEEB7D864A6}.Release|x86.ActiveCfg = Release|x86
		{63E6BD04-FED7-4BFA-ACDB-DDEEB7D864A6}.Release|x86.Build.0 = Release|x86
		{63E6BD04-FED7-4BFA-ACDB-DDEEB7D864A6}.Release|x86.Deploy.0 = Release|x86
	EndGlobalSection
	GlobalSection(SolutionProperties) = preSolution
		HideSolutionNode = FALSE
	EndGlobalSection
	GlobalSection(ExtensibilityGlobals) = postSolution
		SolutionGuid = {3A03F754-3AB8-4254-8AB4-A82BD179FCDC}
	EndGlobalSection
EndGlobal
